
Microsoft Visual Studio Solution File, Format Version 12.00
# Visual Studio Version 16
VisualStudioVersion = 16.0.30523.141
MinimumVisualStudioVersion = 10.0.40219.1
Project("{FAE04EC0-301F-11D3-BF4B-00C04F79EFBC}") = "InterfaceSegregationPrinciple", "InterfaceSegregationPrinciple\InterfaceSegregationPrinciple.csproj", "{EE18EF4B-54FF-495B-8EC1-3FD0B93D42EE}"
EndProject
Global
	GlobalSection(SolutionConfigurationPlatforms) = preSolution
		Debug|Any CPU = Debug|Any CPU
		Release|Any CPU = Release|Any CPU
	EndGlobalSection
	GlobalSection(ProjectConfigurationPlatforms) = postSolution
		{EE18EF4B-54FF-495B-8EC1-3FD0B93D42EE}.Debug|Any CPU.ActiveCfg = Debug|Any CPU
		{EE18EF4B-54FF-495B-8EC1-3FD0B93D42EE}.Debug|Any CPU.Build.0 = Debug|Any CPU
		{EE18EF4B-54FF-495B-8EC1-3FD0B93D42EE}.Release|Any CPU.ActiveCfg = Release|Any CPU
		{EE18EF4B-54FF-495B-8EC1-3FD0B93D42EE}.Release|Any CPU.Build.0 = Release|Any CPU
	EndGlobalSection
	GlobalSection(SolutionProperties) = preSolution
		HideSolutionNode = FALSE
	EndGlobalSection
	GlobalSection(ExtensibilityGlobals) = postSolution
		SolutionGuid = {5013F7A9-341E-41CC-B962-088C87E5A41E}
	EndGlobalSection
EndGlobal
